
Microsoft Visual Studio Solution File, Format Version 12.00
# Visual Studio Version 16
VisualStudioVersion = 16.0.32413.511
MinimumVisualStudioVersion = 10.0.40219.1
Project("{FAE04EC0-301F-11D3-BF4B-00C04F79EFBC}") = "PrograVISem1", "PrograVISem1\PrograVISem1.csproj", "{777F51FE-9CE4-4830-8123-9929B42B9AB5}"
EndProject
Global
	GlobalSection(SolutionConfigurationPlatforms) = preSolution
		Debug|Any CPU = Debug|Any CPU
		Release|Any CPU = Release|Any CPU
	EndGlobalSection
	GlobalSection(ProjectConfigurationPlatforms) = postSolution
		{777F51FE-9CE4-4830-8123-9929B42B9AB5}.Debug|Any CPU.ActiveCfg = Debug|Any CPU
		{777F51FE-9CE4-4830-8123-9929B42B9AB5}.Debug|Any CPU.Build.0 = Debug|Any CPU
		{777F51FE-9CE4-4830-8123-9929B42B9AB5}.Release|Any CPU.ActiveCfg = Release|Any CPU
		{777F51FE-9CE4-4830-8123-9929B42B9AB5}.Release|Any CPU.Build.0 = Release|Any CPU
	EndGlobalSection
	GlobalSection(SolutionProperties) = preSolution
		HideSolutionNode = FALSE
	EndGlobalSection
	GlobalSection(ExtensibilityGlobals) = postSolution
		SolutionGuid = {178471DD-2A56-4B9F-9299-9FF347CFB74F}
	EndGlobalSection
EndGlobal
